
Microsoft Visual Studio Solution File, Format Version 12.00
Project("{FAE04EC0-301F-11D3-BF4B-00C04F79EFBC}") = "LINQ_Demo", "LINQ_Demo\LINQ_Demo.csproj", "{8409FCFD-9748-4FC6-BCB8-8E79A6F52628}"
EndProject
Global
	GlobalSection(SolutionConfigurationPlatforms) = preSolution
		Debug|Any CPU = Debug|Any CPU
		Release|Any CPU = Release|Any CPU
	EndGlobalSection
	GlobalSection(ProjectConfigurationPlatforms) = postSolution
		{8409FCFD-9748-4FC6-BCB8-8E79A6F52628}.Debug|Any CPU.ActiveCfg = Debug|Any CPU
		{8409FCFD-9748-4FC6-BCB8-8E79A6F52628}.Debug|Any CPU.Build.0 = Debug|Any CPU
		{8409FCFD-9748-4FC6-BCB8-8E79A6F52628}.Release|Any CPU.ActiveCfg = Release|Any CPU
		{8409FCFD-9748-4FC6-BCB8-8E79A6F52628}.Release|Any CPU.Build.0 = Release|Any CPU
	EndGlobalSection
EndGlobal
